// !$*UTF8*$!
{
	archiveVersion = 1;
	classes = {
	};
	objectVersion = 56;
	objects = {

/* Begin PBXBuildFile section */
		85CF65592A180EFA00008EE8 /* AppDelegate.swift in Sources */ = {isa = PBXBuildFile; fileRef = 85CF65582A180EFA00008EE8 /* AppDelegate.swift */; };
		85CF655B2A180EFA00008EE8 /* ViewController.swift in Sources */ = {isa = PBXBuildFile; fileRef = 85CF655A2A180EFA00008EE8 /* ViewController.swift */; };
		85CF655D2A180EFB00008EE8 /* Assets.xcassets in Resources */ = {isa = PBXBuildFile; fileRef = 85CF655C2A180EFB00008EE8 /* Assets.xcassets */; };
		85CF65602A180EFB00008EE8 /* Main.storyboard in Resources */ = {isa = PBXBuildFile; fileRef = 85CF655E2A180EFB00008EE8 /* Main.storyboard */; };
		85CF65682A181FF300008EE8 /* zalgo.json in Resources */ = {isa = PBXBuildFile; fileRef = 85CF65672A181FF300008EE8 /* zalgo.json */; };
		85CF656A2A18202800008EE8 /* ZalgoCharacter.swift in Sources */ = {isa = PBXBuildFile; fileRef = 85CF65692A18202800008EE8 /* ZalgoCharacter.swift */; };
		85CF656C2A1825A400008EE8 /* ROT13.swift in Sources */ = {isa = PBXBuildFile; fileRef = 85CF656B2A1825A400008EE8 /* ROT13.swift */; };
/* End PBXBuildFile section */

/* Begin PBXFileReference section */
		85CF65552A180EFA00008EE8 /* TextTransformer.app */ = {isa = PBXFileReference; explicitFileType = wrapper.application; includeInIndex = 0; path = TextTransformer.app; sourceTree = BUILT_PRODUCTS_DIR; };
		85CF65582A180EFA00008EE8 /* AppDelegate.swift */ = {isa = PBXFileReference; lastKnownFileType = sourcecode.swift; path = AppDelegate.swift; sourceTree = "<group>"; };
		85CF655A2A180EFA00008EE8 /* ViewController.swift */ = {isa = PBXFileReference; lastKnownFileType = sourcecode.swift; path = ViewController.swift; sourceTree = "<group>"; };
		85CF655C2A180EFB00008EE8 /* Assets.xcassets */ = {isa = PBXFileReference; lastKnownFileType = folder.assetcatalog; path = Assets.xcassets; sourceTree = "<group>"; };
		85CF655F2A180EFB00008EE8 /* Base */ = {isa = PBXFileReference; lastKnownFileType = file.storyboard; name = Base; path = Base.lproj/Main.storyboard; sourceTree = "<group>"; };
		85CF65612A180EFB00008EE8 /* TextTransformer.entitlements */ = {isa = PBXFileReference; lastKnownFileType = text.plist.entitlements; path = TextTransformer.entitlements; sourceTree = "<group>"; };
		85CF65672A181FF300008EE8 /* zalgo.json */ = {isa = PBXFileReference; fileEncoding = 4; lastKnownFileType = text.json; path = zalgo.json; sourceTree = "<group>"; };
		85CF65692A18202800008EE8 /* ZalgoCharacter.swift */ = {isa = PBXFileReference; lastKnownFileType = sourcecode.swift; path = ZalgoCharacter.swift; sourceTree = "<group>"; };
		85CF656B2A1825A400008EE8 /* ROT13.swift */ = {isa = PBXFileReference; lastKnownFileType = sourcecode.swift; path = ROT13.swift; sourceTree = "<group>"; };
/* End PBXFileReference section */

/* Begin PBXFrameworksBuildPhase section */
		85CF65522A180EFA00008EE8 /* Frameworks */ = {
			isa = PBXFrameworksBuildPhase;
			buildActionMask = 2147483647;
			files = (
			);
			runOnlyForDeploymentPostprocessing = 0;
		};
/* End PBXFrameworksBuildPhase section */

/* Begin PBXGroup section */
		85CF654C2A180EFA00008EE8 = {
			isa = PBXGroup;
			children = (
				85CF65572A180EFA00008EE8 /* TextTransformer */,
				85CF65562A180EFA00008EE8 /* Products */,
			);
			sourceTree = "<group>";
		};
		85CF65562A180EFA00008EE8 /* Products */ = {
			isa = PBXGroup;
			children = (
				85CF65552A180EFA00008EE8 /* TextTransformer.app */,
			);
			name = Products;
			sourceTree = "<group>";
		};
		85CF65572A180EFA00008EE8 /* TextTransformer */ = {
			isa = PBXGroup;
			children = (
				85CF65582A180EFA00008EE8 /* AppDelegate.swift */,
				85CF655A2A180EFA00008EE8 /* ViewController.swift */,
				85CF656B2A1825A400008EE8 /* ROT13.swift */,
				85CF65692A18202800008EE8 /* ZalgoCharacter.swift */,
				85CF65672A181FF300008EE8 /* zalgo.json */,
				85CF655C2A180EFB00008EE8 /* Assets.xcassets */,
				85CF655E2A180EFB00008EE8 /* Main.storyboard */,
				85CF65612A180EFB00008EE8 /* TextTransformer.entitlements */,
			);
			path = TextTransformer;
			sourceTree = "<group>";
		};
/* End PBXGroup section */

/* Begin PBXNativeTarget section */
		85CF65542A180EFA00008EE8 /* TextTransformer */ = {
			isa = PBXNativeTarget;
			buildConfigurationList = 85CF65642A180EFB00008EE8 /* Build configuration list for PBXNativeTarget "TextTransformer" */;
			buildPhases = (
				85CF65512A180EFA00008EE8 /* Sources */,
				85CF65522A180EFA00008EE8 /* Frameworks */,
				85CF65532A180EFA00008EE8 /* Resources */,
			);
			buildRules = (
			);
			dependencies = (
			);
			name = TextTransformer;
			productName = TextTransformer;
			productReference = 85CF65552A180EFA00008EE8 /* TextTransformer.app */;
			productType = "com.apple.product-type.application";
		};
/* End PBXNativeTarget section */

/* Begin PBXProject section */
		85CF654D2A180EFA00008EE8 /* Project object */ = {
			isa = PBXProject;
			attributes = {
				BuildIndependentTargetsInParallel = 1;
				LastSwiftUpdateCheck = 1430;
				LastUpgradeCheck = 1430;
				TargetAttributes = {
					85CF65542A180EFA00008EE8 = {
						CreatedOnToolsVersion = 14.3;
					};
				};
			};
			buildConfigurationList = 85CF65502A180EFA00008EE8 /* Build configuration list for PBXProject "TextTransformer" */;
			compatibilityVersion = "Xcode 14.0";
			developmentRegion = en;
			hasScannedForEncodings = 0;
			knownRegions = (
				en,
				Base,
			);
			mainGroup = 85CF654C2A180EFA00008EE8;
			productRefGroup = 85CF65562A180EFA00008EE8 /* Products */;
			projectDirPath = "";
			projectRoot = "";
			targets = (
				85CF65542A180EFA00008EE8 /* TextTransformer */,
			);
		};
/* End PBXProject section */

/* Begin PBXResourcesBuildPhase section */
		85CF65532A180EFA00008EE8 /* Resources */ = {
			isa = PBXResourcesBuildPhase;
			buildActionMask = 2147483647;
			files = (
				85CF655D2A180EFB00008EE8 /* Assets.xcassets in Resources */,
				85CF65602A180EFB00008EE8 /* Main.storyboard in Resources */,
				85CF65682A181FF300008EE8 /* zalgo.json in Resources */,
			);
			runOnlyForDeploymentPostprocessing = 0;
		};
/* End PBXResourcesBuildPhase section */

/* Begin PBXSourcesBuildPhase section */
		85CF65512A180EFA00008EE8 /* Sources */ = {
			isa = PBXSourcesBuildPhase;
			buildActionMask = 2147483647;
			files = (
				85CF655B2A180EFA00008EE8 /* ViewController.swift in Sources */,
				85CF656A2A18202800008EE8 /* ZalgoCharacter.swift in Sources */,
				85CF65592A180EFA00008EE8 /* AppDelegate.swift in Sources */,
				85CF656C2A1825A400008EE8 /* ROT13.swift in Sources */,
			);
			runOnlyForDeploymentPostprocessing = 0;
		};
/* End PBXSourcesBuildPhase section */

/* Begin PBXVariantGroup section */
		85CF655E2A180EFB00008EE8 /* Main.storyboard */ = {
			isa = PBXVariantGroup;
			children = (
				85CF655F2A180EFB00008EE8 /* Base */,
			);
			name = Main.storyboard;
			sourceTree = "<group>";
		};
/* End PBXVariantGroup section */

/* Begin XCBuildConfiguration section */
		85CF65622A180EFB00008EE8 /* Debug */ = {
			isa = XCBuildConfiguration;
			buildSettings = {
				ALWAYS_SEARCH_USER_PATHS = NO;
				CLANG_ANALYZER_NONNULL = YES;
				CLANG_ANALYZER_NUMBER_OBJECT_CONVERSION = YES_AGGRESSIVE;
				CLANG_CXX_LANGUAGE_STANDARD = "gnu++20";
				CLANG_ENABLE_MODULES = YES;
				CLANG_ENABLE_OBJC_ARC = YES;
				CLANG_ENABLE_OBJC_WEAK = YES;
				CLANG_WARN_BLOCK_CAPTURE_AUTORELEASING = YES;
				CLANG_WARN_BOOL_CONVERSION = YES;
				CLANG_WARN_COMMA = YES;
				CLANG_WARN_CONSTANT_CONVERSION = YES;
				CLANG_WARN_DEPRECATED_OBJC_IMPLEMENTATIONS = YES;
				CLANG_WARN_DIRECT_OBJC_ISA_USAGE = YES_ERROR;
				CLANG_WARN_DOCUMENTATION_COMMENTS = YES;
				CLANG_WARN_EMPTY_BODY = YES;
				CLANG_WARN_ENUM_CONVERSION = YES;
				CLANG_WARN_INFINITE_RECURSION = YES;
				CLANG_WARN_INT_CONVERSION = YES;
				CLANG_WARN_NON_LITERAL_NULL_CONVERSION = YES;
				CLANG_WARN_OBJC_IMPLICIT_RETAIN_SELF = YES;
				CLANG_WARN_OBJC_LITERAL_CONVERSION = YES;
				CLANG_WARN_OBJC_ROOT_CLASS = YES_ERROR;
				CLANG_WARN_QUOTED_INCLUDE_IN_FRAMEWORK_HEADER = YES;
				CLANG_WARN_RANGE_LOOP_ANALYSIS = YES;
				CLANG_WARN_STRICT_PROTOTYPES = YES;
				CLANG_WARN_SUSPICIOUS_MOVE = YES;
				CLANG_WARN_UNGUARDED_AVAILABILITY = YES_AGGRESSIVE;
				CLANG_WARN_UNREACHABLE_CODE = YES;
				CLANG_WARN__DUPLICATE_METHOD_MATCH = YES;
				COPY_PHASE_STRIP = NO;
				DEBUG_INFORMATION_FORMAT = dwarf;
				ENABLE_STRICT_OBJC_MSGSEND = YES;
				ENABLE_TESTABILITY = YES;
				GCC_C_LANGUAGE_STANDARD = gnu11;
				GCC_DYNAMIC_NO_PIC = NO;
				GCC_NO_COMMON_BLOCKS = YES;
				GCC_OPTIMIZATION_LEVEL = 0;
				GCC_PREPROCESSOR_DEFINITIONS = (
					"DEBUG=1",
					"$(inherited)",
				);
				GCC_WARN_64_TO_32_BIT_CONVERSION = YES;
				GCC_WARN_ABOUT_RETURN_TYPE = YES_ERROR;
				GCC_WARN_UNDECLARED_SELECTOR = YES;
				GCC_WARN_UNINITIALIZED_AUTOS = YES_AGGRESSIVE;
				GCC_WARN_UNUSED_FUNCTION = YES;
				GCC_WARN_UNUSED_VARIABLE = YES;
				MACOSX_DEPLOYMENT_TARGET = 13.3;
				MTL_ENABLE_DEBUG_INFO = INCLUDE_SOURCE;
				MTL_FAST_MATH = YES;
				ONLY_ACTIVE_ARCH = YES;
				SDKROOT = macosx;
				SWIFT_ACTIVE_COMPILATION_CONDITIONS = DEBUG;
				SWIFT_OPTIMIZATION_LEVEL = "-Onone";
			};
			name = Debug;
		};
		85CF65632A180EFB00008EE8 /* Release */ = {
			isa = XCBuildConfiguration;
			buildSettings = {
				ALWAYS_SEARCH_USER_PATHS = NO;
				CLANG_ANALYZER_NONNULL = YES;
				CLANG_ANALYZER_NUMBER_OBJECT_CONVERSION = YES_AGGRESSIVE;
				CLANG_CXX_LANGUAGE_STANDARD = "gnu++20";
				CLANG_ENABLE_MODULES = YES;
				CLANG_ENABLE_OBJC_ARC = YES;
				CLANG_ENABLE_OBJC_WEAK = YES;
				CLANG_WARN_BLOCK_CAPTURE_AUTORELEASING = YES;
				CLANG_WARN_BOOL_CONVERSION = YES;
				CLANG_WARN_COMMA = YES;
				CLANG_WARN_CONSTANT_CONVERSION = YES;
				CLANG_WARN_DEPRECATED_OBJC_IMPLEMENTATIONS = YES;
				CLANG_WARN_DIRECT_OBJC_ISA_USAGE = YES_ERROR;
				CLANG_WARN_DOCUMENTATION_COMMENTS = YES;
				CLANG_WARN_EMPTY_BODY = YES;
				CLANG_WARN_ENUM_CONVERSION = YES;
				CLANG_WARN_INFINITE_RECURSION = YES;
				CLANG_WARN_INT_CONVERSION = YES;
				CLANG_WARN_NON_LITERAL_NULL_CONVERSION = YES;
				CLANG_WARN_OBJC_IMPLICIT_RETAIN_SELF = YES;
				CLANG_WARN_OBJC_LITERAL_CONVERSION = YES;
				CLANG_WARN_OBJC_ROOT_CLASS = YES_ERROR;
				CLANG_WARN_QUOTED_INCLUDE_IN_FRAMEWORK_HEADER = YES;
				CLANG_WARN_RANGE_LOOP_ANALYSIS = YES;
				CLANG_WARN_STRICT_PROTOTYPES = YES;
				CLANG_WARN_SUSPICIOUS_MOVE = YES;
				CLANG_WARN_UNGUARDED_AVAILABILITY = YES_AGGRESSIVE;
				CLANG_WARN_UNREACHABLE_CODE = YES;
				CLANG_WARN__DUPLICATE_METHOD_MATCH = YES;
				COPY_PHASE_STRIP = NO;
				DEBUG_INFORMATION_FORMAT = "dwarf-with-dsym";
				ENABLE_NS_ASSERTIONS = NO;
				ENABLE_STRICT_OBJC_MSGSEND = YES;
				GCC_C_LANGUAGE_STANDARD = gnu11;
				GCC_NO_COMMON_BLOCKS = YES;
				GCC_WARN_64_TO_32_BIT_CONVERSION = YES;
				GCC_WARN_ABOUT_RETURN_TYPE = YES_ERROR;
				GCC_WARN_UNDECLARED_SELECTOR = YES;
				GCC_WARN_UNINITIALIZED_AUTOS = YES_AGGRESSIVE;
				GCC_WARN_UNUSED_FUNCTION = YES;
				GCC_WARN_UNUSED_VARIABLE = YES;
				MACOSX_DEPLOYMENT_TARGET = 13.3;
				MTL_ENABLE_DEBUG_INFO = NO;
				MTL_FAST_MATH = YES;
				SDKROOT = macosx;
				SWIFT_COMPILATION_MODE = wholemodule;
				SWIFT_OPTIMIZATION_LEVEL = "-O";
			};
			name = Release;
		};
		85CF65652A180EFB00008EE8 /* Debug */ = {
			isa = XCBuildConfiguration;
			buildSettings = {
				ASSETCATALOG_COMPILER_APPICON_NAME = AppIcon;
				ASSETCATALOG_COMPILER_GLOBAL_ACCENT_COLOR_NAME = AccentColor;
				CODE_SIGN_ENTITLEMENTS = TextTransformer/TextTransformer.entitlements;
				CODE_SIGN_STYLE = Automatic;
				COMBINE_HIDPI_IMAGES = YES;
				CURRENT_PROJECT_VERSION = 1;
				DEVELOPMENT_TEAM = YZPL73955T;
				ENABLE_HARDENED_RUNTIME = YES;
				GENERATE_INFOPLIST_FILE = YES;
				INFOPLIST_KEY_LSUIElement = YES;
				INFOPLIST_KEY_NSHumanReadableCopyright = "";
				INFOPLIST_KEY_NSMainStoryboardFile = Main;
				INFOPLIST_KEY_NSPrincipalClass = NSApplication;
				LD_RUNPATH_SEARCH_PATHS = (
					"$(inherited)",
					"@executable_path/../Frameworks",
				);
				MARKETING_VERSION = 1.0;
				PRODUCT_BUNDLE_IDENTIFIER = com.antoniodeluca.TextTransformer;
				PRODUCT_NAME = "$(TARGET_NAME)";
				SWIFT_EMIT_LOC_STRINGS = YES;
				SWIFT_VERSION = 5.0;
			};
			name = Debug;
		};
		85CF65662A180EFB00008EE8 /* Release */ = {
			isa = XCBuildConfiguration;
			buildSettings = {
				ASSETCATALOG_COMPILER_APPICON_NAME = AppIcon;
				ASSETCATALOG_COMPILER_GLOBAL_ACCENT_COLOR_NAME = AccentColor;
				CODE_SIGN_ENTITLEMENTS = TextTransformer/TextTransformer.entitlements;
				CODE_SIGN_STYLE = Automatic;
				COMBINE_HIDPI_IMAGES = YES;
				CURRENT_PROJECT_VERSION = 1;
				DEVELOPMENT_TEAM = YZPL73955T;
				ENABLE_HARDENED_RUNTIME = YES;
				GENERATE_INFOPLIST_FILE = YES;
				INFOPLIST_KEY_LSUIElement = YES;
				INFOPLIST_KEY_NSHumanReadableCopyright = "";
				INFOPLIST_KEY_NSMainStoryboardFile = Main;
				INFOPLIST_KEY_NSPrincipalClass = NSApplication;
				LD_RUNPATH_SEARCH_PATHS = (
					"$(inherited)",
					"@executable_path/../Frameworks",
				);
				MARKETING_VERSION = 1.0;
				PRODUCT_BUNDLE_IDENTIFIER = com.antoniodeluca.TextTransformer;
				PRODUCT_NAME = "$(TARGET_NAME)";
				SWIFT_EMIT_LOC_STRINGS = YES;
				SWIFT_VERSION = 5.0;
			};
			name = Release;
		};
/* End XCBuildConfiguration section */

/* Begin XCConfigurationList section */
		85CF65502A180EFA00008EE8 /* Build configuration list for PBXProject "TextTransformer" */ = {
			isa = XCConfigurationList;
			buildConfigurations = (
				85CF65622A180EFB00008EE8 /* Debug */,
				85CF65632A180EFB00008EE8 /* Release */,
			);
			defaultConfigurationIsVisible = 0;
			defaultConfigurationName = Release;
		};
		85CF65642A180EFB00008EE8 /* Build configuration list for PBXNativeTarget "TextTransformer" */ = {
			isa = XCConfigurationList;
			buildConfigurations = (
				85CF65652A180EFB00008EE8 /* Debug */,
				85CF65662A180EFB00008EE8 /* Release */,
			);
			defaultConfigurationIsVisible = 0;
			defaultConfigurationName = Release;
		};
/* End XCConfigurationList section */
	};
	rootObject = 85CF654D2A180EFA00008EE8 /* Project object */;
}
